{
  "requires": true,
  "lockfileVersion": 1,
  "dependencies": {
    "argparse": {
      "version": "1.0.10",
      "resolved": "https://registry.npm.taobao.org/argparse/download/argparse-1.0.10.tgz",
      "requires": {
        "sprintf-js": "~1.0.2"
      },
      "dependencies": {
        "sprintf-js": {
          "version": "https://registry.npm.taobao.org/sprintf-js/download/sprintf-js-1.0.3.tgz"
        }
      }
    },
    "bmaplib.curveline": {
      "version": "1.0.0",
      "resolved": "https://registry.npm.taobao.org/bmaplib.curveline/download/bmaplib.curveline-1.0.0.tgz"
    },
    "bmaplib.heatmap": {
      "version": "1.0.4",
      "resolved": "https://registry.npm.taobao.org/bmaplib.heatmap/download/bmaplib.heatmap-1.0.4.tgz"
    },
    "bmaplib.lushu": {
      "version": "1.0.7",
      "resolved": "https://registry.npm.taobao.org/bmaplib.lushu/download/bmaplib.lushu-1.0.7.tgz"
    },
    "bmaplib.markerclusterer": {
      "version": "1.0.13",
      "resolved": "https://registry.npm.taobao.org/bmaplib.markerclusterer/download/bmaplib.markerclusterer-1.0.13.tgz",
      "requires": {
        "bmaplib.texticonoverlay": "^1.0.2"
      },
      "dependencies": {
        "bmaplib.texticonoverlay": {
          "version": "https://registry.npm.taobao.org/bmaplib.texticonoverlay/download/bmaplib.texticonoverlay-1.0.2.tgz"
        }
      }
    },
    "bmaplib.texticonoverlay": {
      "version": "1.0.2",
      "resolved": "https://registry.npm.taobao.org/bmaplib.texticonoverlay/download/bmaplib.texticonoverlay-1.0.2.tgz"
    },
    "entities": {
      "version": "1.1.2",
      "resolved": "https://registry.npm.taobao.org/entities/download/entities-1.1.2.tgz?cache=0&sync_timestamp=1591227679482&other_urls=https%3A%2F%2Fregistry.npm.taobao.org%2Fentities%2Fdownload%2Fentities-1.1.2.tgz"
    },
    "linkify-it": {
      "version": "2.2.0",
      "resolved": "https://registry.npm.taobao.org/linkify-it/download/linkify-it-2.2.0.tgz?cache=0&sync_timestamp=1589973416681&other_urls=https%3A%2F%2Fregistry.npm.taobao.org%2Flinkify-it%2Fdownload%2Flinkify-it-2.2.0.tgz",
      "requires": {
        "uc.micro": "^1.0.1"
      },
      "dependencies": {
        "uc.micro": {
          "version": "https://registry.npm.taobao.org/uc.micro/download/uc.micro-1.0.6.tgz"
        }
      }
    },
    "markdown-it": {
      "version": "8.4.2",
      "resolved": "https://registry.npm.taobao.org/markdown-it/download/markdown-it-8.4.2.tgz",
      "requires": {
        "argparse": "^1.0.7",
        "entities": "~1.1.1",
        "linkify-it": "^2.0.0",
        "mdurl": "^1.0.1",
        "uc.micro": "^1.0.5"
      },
      "dependencies": {
        "argparse": {
          "version": "https://registry.npm.taobao.org/argparse/download/argparse-1.0.10.tgz",
          "dependencies": {
            "sprintf-js": {
              "version": "https://registry.npm.taobao.org/sprintf-js/download/sprintf-js-1.0.3.tgz"
            }
          }
        },
        "entities": {
          "version": "https://registry.npm.taobao.org/entities/download/entities-1.1.2.tgz?cache=0&sync_timestamp=1591227679482&other_urls=https%3A%2F%2Fregistry.npm.taobao.org%2Fentities%2Fdownload%2Fentities-1.1.2.tgz"
        },
        "linkify-it": {
          "version": "https://registry.npm.taobao.org/linkify-it/download/linkify-it-2.2.0.tgz?cache=0&sync_timestamp=1589973416681&other_urls=https%3A%2F%2Fregistry.npm.taobao.org%2Flinkify-it%2Fdownload%2Flinkify-it-2.2.0.tgz"
        },
        "mdurl": {
          "version": "https://registry.npm.taobao.org/mdurl/download/mdurl-1.0.1.tgz"
        },
        "uc.micro": {
          "version": "https://registry.npm.taobao.org/uc.micro/download/uc.micro-1.0.6.tgz"
        }
      }
    },
    "mdurl": {
      "version": "1.0.1",
      "resolved": "https://registry.npm.taobao.org/mdurl/download/mdurl-1.0.1.tgz"
    },
    "sprintf-js": {
      "version": "1.0.3",
      "resolved": "https://registry.npm.taobao.org/sprintf-js/download/sprintf-js-1.0.3.tgz"
    },
    "uc.micro": {
      "version": "1.0.6",
      "resolved": "https://registry.npm.taobao.org/uc.micro/download/uc.micro-1.0.6.tgz"
    },
    "vue-baidu-map": {
      "version": "0.21.22",
      "resolved": "https://registry.npmjs.org/vue-baidu-map/-/vue-baidu-map-0.21.22.tgz",
      "integrity": "sha512-WQMPCih4UTh0AZCKKH/OVOYnyAWjfRNeK6BIeoLmscyY5aF8zzlJhz/NOHLb3mdztIpB0Z6aohn4Jd9mfCSjQw==",
      "requires": {
        "bmaplib.curveline": "^1.0.0",
        "bmaplib.heatmap": "^1.0.4",
        "bmaplib.lushu": "^1.0.7",
        "bmaplib.markerclusterer": "^1.0.13",
        "markdown-it": "^8.4.0"
      }
    }
  }
}
